
Microsoft Visual Studio Solution File, Format Version 12.00
# Visual Studio 15
VisualStudioVersion = 15.0.28010.2046
MinimumVisualStudioVersion = 10.0.40219.1
Project("{FAE04EC0-301F-11D3-BF4B-00C04F79EFBC}") = "RainDrops", "RainDrops\RainDrops.csproj", "{3EE55E3E-1C85-424E-9F23-2E40609AE5BC}"
EndProject
Global
	GlobalSection(SolutionConfigurationPlatforms) = preSolution
		Debug|Any CPU = Debug|Any CPU
		Release|Any CPU = Release|Any CPU
	EndGlobalSection
	GlobalSection(ProjectConfigurationPlatforms) = postSolution
		{3EE55E3E-1C85-424E-9F23-2E40609AE5BC}.Debug|Any CPU.ActiveCfg = Debug|Any CPU
		{3EE55E3E-1C85-424E-9F23-2E40609AE5BC}.Debug|Any CPU.Build.0 = Debug|Any CPU
		{3EE55E3E-1C85-424E-9F23-2E40609AE5BC}.Release|Any CPU.ActiveCfg = Release|Any CPU
		{3EE55E3E-1C85-424E-9F23-2E40609AE5BC}.Release|Any CPU.Build.0 = Release|Any CPU
	EndGlobalSection
	GlobalSection(SolutionProperties) = preSolution
		HideSolutionNode = FALSE
	EndGlobalSection
	GlobalSection(ExtensibilityGlobals) = postSolution
		SolutionGuid = {B48FF2BD-CA7E-4A6C-8AF9-E4446FFA4F44}
	EndGlobalSection
EndGlobal
